
Microsoft Visual Studio Solution File, Format Version 12.00
# Visual Studio Version 16
VisualStudioVersion = 16.0.31025.194
MinimumVisualStudioVersion = 10.0.40219.1
Project("{FAE04EC0-301F-11D3-BF4B-00C04F79EFBC}") = "Demo_AdoNet_Project", "Demo_AdoNet_Project\Demo_AdoNet_Project.csproj", "{7FD08FA9-9C43-4E0E-8476-242C913C3D16}"
EndProject
Global
	GlobalSection(SolutionConfigurationPlatforms) = preSolution
		Debug|Any CPU = Debug|Any CPU
		Release|Any CPU = Release|Any CPU
	EndGlobalSection
	GlobalSection(ProjectConfigurationPlatforms) = postSolution
		{7FD08FA9-9C43-4E0E-8476-242C913C3D16}.Debug|Any CPU.ActiveCfg = Debug|Any CPU
		{7FD08FA9-9C43-4E0E-8476-242C913C3D16}.Debug|Any CPU.Build.0 = Debug|Any CPU
		{7FD08FA9-9C43-4E0E-8476-242C913C3D16}.Release|Any CPU.ActiveCfg = Release|Any CPU
		{7FD08FA9-9C43-4E0E-8476-242C913C3D16}.Release|Any CPU.Build.0 = Release|Any CPU
	EndGlobalSection
	GlobalSection(SolutionProperties) = preSolution
		HideSolutionNode = FALSE
	EndGlobalSection
	GlobalSection(ExtensibilityGlobals) = postSolution
		SolutionGuid = {18CFCA3D-70AD-4F34-A89B-A8B3732B4B2E}
	EndGlobalSection
EndGlobal
